
Microsoft Visual Studio Solution File, Format Version 12.00
# Visual Studio Version 16
VisualStudioVersion = 16.0.30517.126
MinimumVisualStudioVersion = 15.0.26124.0
Project("{9A19103F-16F7-4668-BE54-9A1E7A4F7556}") = "kata-rabbitmq.Lib", "kata-rabbitmq.Lib\kata-rabbitmq.Lib.csproj", "{BF975BA1-A66A-4923-90EB-1F2429F57C49}"
EndProject
Project("{9A19103F-16F7-4668-BE54-9A1E7A4F7556}") = "kata-rabbitmq.Lib.Tests", "kata-rabbitmq.Lib.Tests\kata-rabbitmq.Lib.Tests.csproj", "{B46599F1-080F-40F0-B9BB-F45BB931466F}"
EndProject
Project("{FAE04EC0-301F-11D3-BF4B-00C04F79EFBC}") = "kata-rabbitmq.robot.app", "kata-rabbitmq.robot.app\kata-rabbitmq.robot.app.csproj", "{D3B8E17A-6258-4979-A1F8-DDF36763F54D}"
EndProject
Global
	GlobalSection(SolutionConfigurationPlatforms) = preSolution
		Debug|Any CPU = Debug|Any CPU
		Debug|x64 = Debug|x64
		Debug|x86 = Debug|x86
		Release|Any CPU = Release|Any CPU
		Release|x64 = Release|x64
		Release|x86 = Release|x86
	EndGlobalSection
	GlobalSection(ProjectConfigurationPlatforms) = postSolution
		{BF975BA1-A66A-4923-90EB-1F2429F57C49}.Debug|Any CPU.ActiveCfg = Debug|Any CPU
		{BF975BA1-A66A-4923-90EB-1F2429F57C49}.Debug|Any CPU.Build.0 = Debug|Any CPU
		{BF975BA1-A66A-4923-90EB-1F2429F57C49}.Debug|x64.ActiveCfg = Debug|Any CPU
		{BF975BA1-A66A-4923-90EB-1F2429F57C49}.Debug|x64.Build.0 = Debug|Any CPU
		{BF975BA1-A66A-4923-90EB-1F2429F57C49}.Debug|x86.ActiveCfg = Debug|Any CPU
		{BF975BA1-A66A-4923-90EB-1F2429F57C49}.Debug|x86.Build.0 = Debug|Any CPU
		{BF975BA1-A66A-4923-90EB-1F2429F57C49}.Release|Any CPU.ActiveCfg = Release|Any CPU
		{BF975BA1-A66A-4923-90EB-1F2429F57C49}.Release|Any CPU.Build.0 = Release|Any CPU
		{BF975BA1-A66A-4923-90EB-1F2429F57C49}.Release|x64.ActiveCfg = Release|Any CPU
		{BF975BA1-A66A-4923-90EB-1F2429F57C49}.Release|x64.Build.0 = Release|Any CPU
		{BF975BA1-A66A-4923-90EB-1F2429F57C49}.Release|x86.ActiveCfg = Release|Any CPU
		{BF975BA1-A66A-4923-90EB-1F2429F57C49}.Release|x86.Build.0 = Release|Any CPU
		{B46599F1-080F-40F0-B9BB-F45BB931466F}.Debug|Any CPU.ActiveCfg = Debug|Any CPU
		{B46599F1-080F-40F0-B9BB-F45BB931466F}.Debug|Any CPU.Build.0 = Debug|Any CPU
		{B46599F1-080F-40F0-B9BB-F45BB931466F}.Debug|x64.ActiveCfg = Debug|Any CPU
		{B46599F1-080F-40F0-B9BB-F45BB931466F}.Debug|x64.Build.0 = Debug|Any CPU
		{B46599F1-080F-40F0-B9BB-F45BB931466F}.Debug|x86.ActiveCfg = Debug|Any CPU
		{B46599F1-080F-40F0-B9BB-F45BB931466F}.Debug|x86.Build.0 = Debug|Any CPU
		{B46599F1-080F-40F0-B9BB-F45BB931466F}.Release|Any CPU.ActiveCfg = Release|Any CPU
		{B46599F1-080F-40F0-B9BB-F45BB931466F}.Release|Any CPU.Build.0 = Release|Any CPU
		{B46599F1-080F-40F0-B9BB-F45BB931466F}.Release|x64.ActiveCfg = Release|Any CPU
		{B46599F1-080F-40F0-B9BB-F45BB931466F}.Release|x64.Build.0 = Release|Any CPU
		{B46599F1-080F-40F0-B9BB-F45BB931466F}.Release|x86.ActiveCfg = Release|Any CPU
		{B46599F1-080F-40F0-B9BB-F45BB931466F}.Release|x86.Build.0 = Release|Any CPU
		{D3B8E17A-6258-4979-A1F8-DDF36763F54D}.Debug|Any CPU.ActiveCfg = Debug|Any CPU
		{D3B8E17A-6258-4979-A1F8-DDF36763F54D}.Debug|Any CPU.Build.0 = Debug|Any CPU
		{D3B8E17A-6258-4979-A1F8-DDF36763F54D}.Debug|x64.ActiveCfg = Debug|Any CPU
		{D3B8E17A-6258-4979-A1F8-DDF36763F54D}.Debug|x64.Build.0 = Debug|Any CPU
		{D3B8E17A-6258-4979-A1F8-DDF36763F54D}.Debug|x86.ActiveCfg = Debug|Any CPU
		{D3B8E17A-6258-4979-A1F8-DDF36763F54D}.Debug|x86.Build.0 = Debug|Any CPU
		{D3B8E17A-6258-4979-A1F8-DDF36763F54D}.Release|Any CPU.ActiveCfg = Release|Any CPU
		{D3B8E17A-6258-4979-A1F8-DDF36763F54D}.Release|Any CPU.Build.0 = Release|Any CPU
		{D3B8E17A-6258-4979-A1F8-DDF36763F54D}.Release|x64.ActiveCfg = Release|Any CPU
		{D3B8E17A-6258-4979-A1F8-DDF36763F54D}.Release|x64.Build.0 = Release|Any CPU
		{D3B8E17A-6258-4979-A1F8-DDF36763F54D}.Release|x86.ActiveCfg = Release|Any CPU
		{D3B8E17A-6258-4979-A1F8-DDF36763F54D}.Release|x86.Build.0 = Release|Any CPU
	EndGlobalSection
	GlobalSection(SolutionProperties) = preSolution
		HideSolutionNode = FALSE
	EndGlobalSection
	GlobalSection(ExtensibilityGlobals) = postSolution
		SolutionGuid = {D4C5018E-E570-4CD6-83C1-B54AFF12FCB7}
	EndGlobalSection
EndGlobal
