
Microsoft Visual Studio Solution File, Format Version 12.00
# Visual Studio Version 16
VisualStudioVersion = 16.0.30517.126
MinimumVisualStudioVersion = 15.0.26124.0
Project("{9A19103F-16F7-4668-BE54-9A1E7A4F7556}") = "RemoteControlledProcess.Acceptance.Tests", "RemoteControlledProcess.Acceptance.Tests\RemoteControlledProcess.Acceptance.Tests.csproj", "{09A836FB-0E1A-45F7-ABCD-3CA4F4EAC2FA}"
EndProject
Project("{2150E333-8FDC-42A3-9474-1A3956D46DE8}") = "misc", "misc", "{86E95D10-0F0E-484D-9F2C-1CFB8B228733}"
	ProjectSection(SolutionItems) = preProject
		.editorconfig = .editorconfig
		.github\workflows\dotnet.yml = .github\workflows\dotnet.yml
		tools\dupfinder.bat = tools\dupfinder.bat
		tools\dupfinder.sh = tools\dupfinder.sh
		tools\dupfinder.xslt = tools\dupfinder.xslt
		tools\msxsl.exe = tools\msxsl.exe
		README.md = README.md
		run-application.bat = run-application.bat
		run-application.sh = run-application.sh
		Nuget-OfficialOnly.config = Nuget-OfficialOnly.config
	EndProjectSection
EndProject
Project("{9A19103F-16F7-4668-BE54-9A1E7A4F7556}") = "RemoteControlledProcess.Application", "RemoteControlledProcess.Application\RemoteControlledProcess.Application.csproj", "{5122B0AC-FAD4-44F4-B372-C5A6AED29E22}"
EndProject
Project("{FAE04EC0-301F-11D3-BF4B-00C04F79EFBC}") = "RemoteControlledProcess", "RemoteControlledProcess\RemoteControlledProcess.csproj", "{745DE089-A648-44B1-8FFD-E8AF48140FE6}"
EndProject
Project("{2150E333-8FDC-42A3-9474-1A3956D46DE8}") = "RemoteControlledProcess.Nupkg.Tests", "RemoteControlledProcess.Nupkg.Tests", "{1EC0DDB2-52D4-4B05-A5DC-F423ADB0DF08}"
	ProjectSection(SolutionItems) = preProject
		RemoteControlledProcess.Nupkg.Tests\.gitignore = RemoteControlledProcess.Nupkg.Tests\.gitignore
		RemoteControlledProcess.Nupkg.Tests\smoketest.sh = RemoteControlledProcess.Nupkg.Tests\smoketest.sh
		RemoteControlledProcess.Nupkg.Tests\NuGet-Local.config = RemoteControlledProcess.Nupkg.Tests\NuGet-Local.config
	EndProjectSection
EndProject
Project("{FAE04EC0-301F-11D3-BF4B-00C04F79EFBC}") = "RemoteControlledProcess.Unit.Tests", "RemoteControlledProcess.Unit.Tests\RemoteControlledProcess.Unit.Tests.csproj", "{7BC3300D-4599-409C-9839-A69E6E66CD7F}"
EndProject
Project("{FAE04EC0-301F-11D3-BF4B-00C04F79EFBC}") = "RemoteControlledProcess.Taskkill.Tests", "RemoteControlledProcess.Taskkill.Tests\RemoteControlledProcess.Taskkill.Tests.csproj", "{288D6EDE-DC2C-4EE7-A3BA-7FE605865413}"
EndProject
Global
	GlobalSection(SolutionConfigurationPlatforms) = preSolution
		Debug|Any CPU = Debug|Any CPU
		Debug|x64 = Debug|x64
		Debug|x86 = Debug|x86
		Release|Any CPU = Release|Any CPU
		Release|x64 = Release|x64
		Release|x86 = Release|x86
	EndGlobalSection
	GlobalSection(ProjectConfigurationPlatforms) = postSolution
		{09A836FB-0E1A-45F7-ABCD-3CA4F4EAC2FA}.Debug|Any CPU.ActiveCfg = Debug|Any CPU
		{09A836FB-0E1A-45F7-ABCD-3CA4F4EAC2FA}.Debug|Any CPU.Build.0 = Debug|Any CPU
		{09A836FB-0E1A-45F7-ABCD-3CA4F4EAC2FA}.Debug|x64.ActiveCfg = Debug|Any CPU
		{09A836FB-0E1A-45F7-ABCD-3CA4F4EAC2FA}.Debug|x64.Build.0 = Debug|Any CPU
		{09A836FB-0E1A-45F7-ABCD-3CA4F4EAC2FA}.Debug|x86.ActiveCfg = Debug|Any CPU
		{09A836FB-0E1A-45F7-ABCD-3CA4F4EAC2FA}.Debug|x86.Build.0 = Debug|Any CPU
		{09A836FB-0E1A-45F7-ABCD-3CA4F4EAC2FA}.Release|Any CPU.ActiveCfg = Release|Any CPU
		{09A836FB-0E1A-45F7-ABCD-3CA4F4EAC2FA}.Release|Any CPU.Build.0 = Release|Any CPU
		{09A836FB-0E1A-45F7-ABCD-3CA4F4EAC2FA}.Release|x64.ActiveCfg = Release|Any CPU
		{09A836FB-0E1A-45F7-ABCD-3CA4F4EAC2FA}.Release|x64.Build.0 = Release|Any CPU
		{09A836FB-0E1A-45F7-ABCD-3CA4F4EAC2FA}.Release|x86.ActiveCfg = Release|Any CPU
		{09A836FB-0E1A-45F7-ABCD-3CA4F4EAC2FA}.Release|x86.Build.0 = Release|Any CPU
		{5122B0AC-FAD4-44F4-B372-C5A6AED29E22}.Debug|Any CPU.ActiveCfg = Debug|Any CPU
		{5122B0AC-FAD4-44F4-B372-C5A6AED29E22}.Debug|Any CPU.Build.0 = Debug|Any CPU
		{5122B0AC-FAD4-44F4-B372-C5A6AED29E22}.Debug|x64.ActiveCfg = Debug|Any CPU
		{5122B0AC-FAD4-44F4-B372-C5A6AED29E22}.Debug|x64.Build.0 = Debug|Any CPU
		{5122B0AC-FAD4-44F4-B372-C5A6AED29E22}.Debug|x86.ActiveCfg = Debug|Any CPU
		{5122B0AC-FAD4-44F4-B372-C5A6AED29E22}.Debug|x86.Build.0 = Debug|Any CPU
		{5122B0AC-FAD4-44F4-B372-C5A6AED29E22}.Release|Any CPU.ActiveCfg = Release|Any CPU
		{5122B0AC-FAD4-44F4-B372-C5A6AED29E22}.Release|Any CPU.Build.0 = Release|Any CPU
		{5122B0AC-FAD4-44F4-B372-C5A6AED29E22}.Release|x64.ActiveCfg = Release|Any CPU
		{5122B0AC-FAD4-44F4-B372-C5A6AED29E22}.Release|x64.Build.0 = Release|Any CPU
		{5122B0AC-FAD4-44F4-B372-C5A6AED29E22}.Release|x86.ActiveCfg = Release|Any CPU
		{5122B0AC-FAD4-44F4-B372-C5A6AED29E22}.Release|x86.Build.0 = Release|Any CPU
		{745DE089-A648-44B1-8FFD-E8AF48140FE6}.Debug|Any CPU.ActiveCfg = Debug|Any CPU
		{745DE089-A648-44B1-8FFD-E8AF48140FE6}.Debug|Any CPU.Build.0 = Debug|Any CPU
		{745DE089-A648-44B1-8FFD-E8AF48140FE6}.Debug|x64.ActiveCfg = Debug|Any CPU
		{745DE089-A648-44B1-8FFD-E8AF48140FE6}.Debug|x64.Build.0 = Debug|Any CPU
		{745DE089-A648-44B1-8FFD-E8AF48140FE6}.Debug|x86.ActiveCfg = Debug|Any CPU
		{745DE089-A648-44B1-8FFD-E8AF48140FE6}.Debug|x86.Build.0 = Debug|Any CPU
		{745DE089-A648-44B1-8FFD-E8AF48140FE6}.Release|Any CPU.ActiveCfg = Release|Any CPU
		{745DE089-A648-44B1-8FFD-E8AF48140FE6}.Release|Any CPU.Build.0 = Release|Any CPU
		{745DE089-A648-44B1-8FFD-E8AF48140FE6}.Release|x64.ActiveCfg = Release|Any CPU
		{745DE089-A648-44B1-8FFD-E8AF48140FE6}.Release|x64.Build.0 = Release|Any CPU
		{745DE089-A648-44B1-8FFD-E8AF48140FE6}.Release|x86.ActiveCfg = Release|Any CPU
		{745DE089-A648-44B1-8FFD-E8AF48140FE6}.Release|x86.Build.0 = Release|Any CPU
		{7BC3300D-4599-409C-9839-A69E6E66CD7F}.Debug|Any CPU.ActiveCfg = Debug|Any CPU
		{7BC3300D-4599-409C-9839-A69E6E66CD7F}.Debug|Any CPU.Build.0 = Debug|Any CPU
		{7BC3300D-4599-409C-9839-A69E6E66CD7F}.Debug|x64.ActiveCfg = Debug|Any CPU
		{7BC3300D-4599-409C-9839-A69E6E66CD7F}.Debug|x64.Build.0 = Debug|Any CPU
		{7BC3300D-4599-409C-9839-A69E6E66CD7F}.Debug|x86.ActiveCfg = Debug|Any CPU
		{7BC3300D-4599-409C-9839-A69E6E66CD7F}.Debug|x86.Build.0 = Debug|Any CPU
		{7BC3300D-4599-409C-9839-A69E6E66CD7F}.Release|Any CPU.ActiveCfg = Release|Any CPU
		{7BC3300D-4599-409C-9839-A69E6E66CD7F}.Release|Any CPU.Build.0 = Release|Any CPU
		{7BC3300D-4599-409C-9839-A69E6E66CD7F}.Release|x64.ActiveCfg = Release|Any CPU
		{7BC3300D-4599-409C-9839-A69E6E66CD7F}.Release|x64.Build.0 = Release|Any CPU
		{7BC3300D-4599-409C-9839-A69E6E66CD7F}.Release|x86.ActiveCfg = Release|Any CPU
		{7BC3300D-4599-409C-9839-A69E6E66CD7F}.Release|x86.Build.0 = Release|Any CPU
		{288D6EDE-DC2C-4EE7-A3BA-7FE605865413}.Debug|Any CPU.ActiveCfg = Debug|Any CPU
		{288D6EDE-DC2C-4EE7-A3BA-7FE605865413}.Debug|Any CPU.Build.0 = Debug|Any CPU
		{288D6EDE-DC2C-4EE7-A3BA-7FE605865413}.Debug|x64.ActiveCfg = Debug|Any CPU
		{288D6EDE-DC2C-4EE7-A3BA-7FE605865413}.Debug|x64.Build.0 = Debug|Any CPU
		{288D6EDE-DC2C-4EE7-A3BA-7FE605865413}.Debug|x86.ActiveCfg = Debug|Any CPU
		{288D6EDE-DC2C-4EE7-A3BA-7FE605865413}.Debug|x86.Build.0 = Debug|Any CPU
		{288D6EDE-DC2C-4EE7-A3BA-7FE605865413}.Release|Any CPU.ActiveCfg = Release|Any CPU
		{288D6EDE-DC2C-4EE7-A3BA-7FE605865413}.Release|Any CPU.Build.0 = Release|Any CPU
		{288D6EDE-DC2C-4EE7-A3BA-7FE605865413}.Release|x64.ActiveCfg = Release|Any CPU
		{288D6EDE-DC2C-4EE7-A3BA-7FE605865413}.Release|x64.Build.0 = Release|Any CPU
		{288D6EDE-DC2C-4EE7-A3BA-7FE605865413}.Release|x86.ActiveCfg = Release|Any CPU
		{288D6EDE-DC2C-4EE7-A3BA-7FE605865413}.Release|x86.Build.0 = Release|Any CPU
	EndGlobalSection
	GlobalSection(SolutionProperties) = preSolution
		HideSolutionNode = FALSE
	EndGlobalSection
	GlobalSection(ExtensibilityGlobals) = postSolution
		SolutionGuid = {D4C5018E-E570-4CD6-83C1-B54AFF12FCB7}
	EndGlobalSection
EndGlobal
